// !$*UTF8*$!
{
	archiveVersion = 1;
	classes = {
	};
	objectVersion = 50;
	objects = {

/* Begin PBXBuildFile section */
		FDBEB26621BE02A900FE3D93 /* AppDelegate.swift in Sources */ = {isa = PBXBuildFile; fileRef = FDBEB26521BE02A900FE3D93 /* AppDelegate.swift */; };
		FDBEB26821BE02A900FE3D93 /* ViewController.swift in Sources */ = {isa = PBXBuildFile; fileRef = FDBEB26721BE02A900FE3D93 /* ViewController.swift */; };
		FDBEB26B21BE02A900FE3D93 /* Main.storyboard in Resources */ = {isa = PBXBuildFile; fileRef = FDBEB26921BE02A900FE3D93 /* Main.storyboard */; };
		FDBEB26D21BE02AE00FE3D93 /* Assets.xcassets in Resources */ = {isa = PBXBuildFile; fileRef = FDBEB26C21BE02AE00FE3D93 /* Assets.xcassets */; };
		FDBEB27021BE02AE00FE3D93 /* LaunchScreen.storyboard in Resources */ = {isa = PBXBuildFile; fileRef = FDBEB26E21BE02AE00FE3D93 /* LaunchScreen.storyboard */; };
		FDBEB27921BE02C600FE3D93 /* MapKit.framework in Frameworks */ = {isa = PBXBuildFile; fileRef = FDBEB27821BE02C600FE3D93 /* MapKit.framework */; };
		FDBEB27B21BE02F000FE3D93 /* bike.xml in Resources */ = {isa = PBXBuildFile; fileRef = FDBEB27A21BE02F000FE3D93 /* bike.xml */; };
		FDBEB27D21BE031600FE3D93 /* BusanData.swift in Sources */ = {isa = PBXBuildFile; fileRef = FDBEB27C21BE031600FE3D93 /* BusanData.swift */; };
/* End PBXBuildFile section */

/* Begin PBXFileReference section */
		FDBEB26221BE02A900FE3D93 /* bikebike.app */ = {isa = PBXFileReference; explicitFileType = wrapper.application; includeInIndex = 0; path = bikebike.app; sourceTree = BUILT_PRODUCTS_DIR; };
		FDBEB26521BE02A900FE3D93 /* AppDelegate.swift */ = {isa = PBXFileReference; lastKnownFileType = sourcecode.swift; path = AppDelegate.swift; sourceTree = "<group>"; };
		FDBEB26721BE02A900FE3D93 /* ViewController.swift */ = {isa = PBXFileReference; lastKnownFileType = sourcecode.swift; path = ViewController.swift; sourceTree = "<group>"; };
		FDBEB26A21BE02A900FE3D93 /* Base */ = {isa = PBXFileReference; lastKnownFileType = file.storyboard; name = Base; path = Base.lproj/Main.storyboard; sourceTree = "<group>"; };
		FDBEB26C21BE02AE00FE3D93 /* Assets.xcassets */ = {isa = PBXFileReference; lastKnownFileType = folder.assetcatalog; path = Assets.xcassets; sourceTree = "<group>"; };
		FDBEB26F21BE02AE00FE3D93 /* Base */ = {isa = PBXFileReference; lastKnownFileType = file.storyboard; name = Base; path = Base.lproj/LaunchScreen.storyboard; sourceTree = "<group>"; };
		FDBEB27121BE02AE00FE3D93 /* Info.plist */ = {isa = PBXFileReference; lastKnownFileType = text.plist.xml; path = Info.plist; sourceTree = "<group>"; };
		FDBEB27821BE02C600FE3D93 /* MapKit.framework */ = {isa = PBXFileReference; lastKnownFileType = wrapper.framework; name = MapKit.framework; path = System/Library/Frameworks/MapKit.framework; sourceTree = SDKROOT; };
		FDBEB27A21BE02F000FE3D93 /* bike.xml */ = {isa = PBXFileReference; fileEncoding = 4; lastKnownFileType = text.xml; name = bike.xml; path = "../../201412409 이정연/Bike/Bike/bike.xml"; sourceTree = "<group>"; };
		FDBEB27C21BE031600FE3D93 /* BusanData.swift */ = {isa = PBXFileReference; fileEncoding = 4; lastKnownFileType = sourcecode.swift; name = BusanData.swift; path = ../../Busan_EV_Map/navigation_test/BusanData.swift; sourceTree = "<group>"; };
/* End PBXFileReference section */

/* Begin PBXFrameworksBuildPhase section */
		FDBEB25F21BE02A900FE3D93 /* Frameworks */ = {
			isa = PBXFrameworksBuildPhase;
			buildActionMask = 2147483647;
			files = (
				FDBEB27921BE02C600FE3D93 /* MapKit.framework in Frameworks */,
			);
			runOnlyForDeploymentPostprocessing = 0;
		};
/* End PBXFrameworksBuildPhase section */

/* Begin PBXGroup section */
		FDBEB25921BE02A900FE3D93 = {
			isa = PBXGroup;
			children = (
				FDBEB26421BE02A900FE3D93 /* bikebike */,
				FDBEB26321BE02A900FE3D93 /* Products */,
				FDBEB27721BE02C600FE3D93 /* Frameworks */,
			);
			sourceTree = "<group>";
		};
		FDBEB26321BE02A900FE3D93 /* Products */ = {
			isa = PBXGroup;
			children = (
				FDBEB26221BE02A900FE3D93 /* bikebike.app */,
			);
			name = Products;
			sourceTree = "<group>";
		};
		FDBEB26421BE02A900FE3D93 /* bikebike */ = {
			isa = PBXGroup;
			children = (
				FDBEB27C21BE031600FE3D93 /* BusanData.swift */,
				FDBEB27A21BE02F000FE3D93 /* bike.xml */,
				FDBEB26521BE02A900FE3D93 /* AppDelegate.swift */,
				FDBEB26721BE02A900FE3D93 /* ViewController.swift */,
				FDBEB26921BE02A900FE3D93 /* Main.storyboard */,
				FDBEB26C21BE02AE00FE3D93 /* Assets.xcassets */,
				FDBEB26E21BE02AE00FE3D93 /* LaunchScreen.storyboard */,
				FDBEB27121BE02AE00FE3D93 /* Info.plist */,
			);
			path = bikebike;
			sourceTree = "<group>";
		};
		FDBEB27721BE02C600FE3D93 /* Frameworks */ = {
			isa = PBXGroup;
			children = (
				FDBEB27821BE02C600FE3D93 /* MapKit.framework */,
			);
			name = Frameworks;
			sourceTree = "<group>";
		};
/* End PBXGroup section */

/* Begin PBXNativeTarget section */
		FDBEB26121BE02A900FE3D93 /* bikebike */ = {
			isa = PBXNativeTarget;
			buildConfigurationList = FDBEB27421BE02AE00FE3D93 /* Build configuration list for PBXNativeTarget "bikebike" */;
			buildPhases = (
				FDBEB25E21BE02A900FE3D93 /* Sources */,
				FDBEB25F21BE02A900FE3D93 /* Frameworks */,
				FDBEB26021BE02A900FE3D93 /* Resources */,
			);
			buildRules = (
			);
			dependencies = (
			);
			name = bikebike;
			productName = bikebike;
			productReference = FDBEB26221BE02A900FE3D93 /* bikebike.app */;
			productType = "com.apple.product-type.application";
		};
/* End PBXNativeTarget section */

/* Begin PBXProject section */
		FDBEB25A21BE02A900FE3D93 /* Project object */ = {
			isa = PBXProject;
			attributes = {
				LastSwiftUpdateCheck = 0940;
				LastUpgradeCheck = 0940;
				ORGANIZATIONNAME = D7703_23;
				TargetAttributes = {
					FDBEB26121BE02A900FE3D93 = {
						CreatedOnToolsVersion = 9.4.1;
					};
				};
			};
			buildConfigurationList = FDBEB25D21BE02A900FE3D93 /* Build configuration list for PBXProject "bikebike" */;
			compatibilityVersion = "Xcode 9.3";
			developmentRegion = en;
			hasScannedForEncodings = 0;
			knownRegions = (
				en,
				Base,
			);
			mainGroup = FDBEB25921BE02A900FE3D93;
			productRefGroup = FDBEB26321BE02A900FE3D93 /* Products */;
			projectDirPath = "";
			projectRoot = "";
			targets = (
				FDBEB26121BE02A900FE3D93 /* bikebike */,
			);
		};
/* End PBXProject section */

/* Begin PBXResourcesBuildPhase section */
		FDBEB26021BE02A900FE3D93 /* Resources */ = {
			isa = PBXResourcesBuildPhase;
			buildActionMask = 2147483647;
			files = (
				FDBEB27021BE02AE00FE3D93 /* LaunchScreen.storyboard in Resources */,
				FDBEB26D21BE02AE00FE3D93 /* Assets.xcassets in Resources */,
				FDBEB27B21BE02F000FE3D93 /* bike.xml in Resources */,
				FDBEB26B21BE02A900FE3D93 /* Main.storyboard in Resources */,
			);
			runOnlyForDeploymentPostprocessing = 0;
		};
/* End PBXResourcesBuildPhase section */

/* Begin PBXSourcesBuildPhase section */
		FDBEB25E21BE02A900FE3D93 /* Sources */ = {
			isa = PBXSourcesBuildPhase;
			buildActionMask = 2147483647;
			files = (
				FDBEB26821BE02A900FE3D93 /* ViewController.swift in Sources */,
				FDBEB27D21BE031600FE3D93 /* BusanData.swift in Sources */,
				FDBEB26621BE02A900FE3D93 /* AppDelegate.swift in Sources */,
			);
			runOnlyForDeploymentPostprocessing = 0;
		};
/* End PBXSourcesBuildPhase section */

/* Begin PBXVariantGroup section */
		FDBEB26921BE02A900FE3D93 /* Main.storyboard */ = {
			isa = PBXVariantGroup;
			children = (
				FDBEB26A21BE02A900FE3D93 /* Base */,
			);
			name = Main.storyboard;
			sourceTree = "<group>";
		};
		FDBEB26E21BE02AE00FE3D93 /* LaunchScreen.storyboard */ = {
			isa = PBXVariantGroup;
			children = (
				FDBEB26F21BE02AE00FE3D93 /* Base */,
			);
			name = LaunchScreen.storyboard;
			sourceTree = "<group>";
		};
/* End PBXVariantGroup section */

/* Begin XCBuildConfiguration section */
		FDBEB27221BE02AE00FE3D93 /* Debug */ = {
			isa = XCBuildConfiguration;
			buildSettings = {
				ALWAYS_SEARCH_USER_PATHS = NO;
				CLANG_ANALYZER_NONNULL = YES;
				CLANG_ANALYZER_NUMBER_OBJECT_CONVERSION = YES_AGGRESSIVE;
				CLANG_CXX_LANGUAGE_STANDARD = "gnu++14";
				CLANG_CXX_LIBRARY = "libc++";
				CLANG_ENABLE_MODULES = YES;
				CLANG_ENABLE_OBJC_ARC = YES;
				CLANG_ENABLE_OBJC_WEAK = YES;
				CLANG_WARN_BLOCK_CAPTURE_AUTORELEASING = YES;
				CLANG_WARN_BOOL_CONVERSION = YES;
				CLANG_WARN_COMMA = YES;
				CLANG_WARN_CONSTANT_CONVERSION = YES;
				CLANG_WARN_DEPRECATED_OBJC_IMPLEMENTATIONS = YES;
				CLANG_WARN_DIRECT_OBJC_ISA_USAGE = YES_ERROR;
				CLANG_WARN_DOCUMENTATION_COMMENTS = YES;
				CLANG_WARN_EMPTY_BODY = YES;
				CLANG_WARN_ENUM_CONVERSION = YES;
				CLANG_WARN_INFINITE_RECURSION = YES;
				CLANG_WARN_INT_CONVERSION = YES;
				CLANG_WARN_NON_LITERAL_NULL_CONVERSION = YES;
				CLANG_WARN_OBJC_IMPLICIT_RETAIN_SELF = YES;
				CLANG_WARN_OBJC_LITERAL_CONVERSION = YES;
				CLANG_WARN_OBJC_ROOT_CLASS = YES_ERROR;
				CLANG_WARN_RANGE_LOOP_ANALYSIS = YES;
				CLANG_WARN_STRICT_PROTOTYPES = YES;
				CLANG_WARN_SUSPICIOUS_MOVE = YES;
				CLANG_WARN_UNGUARDED_AVAILABILITY = YES_AGGRESSIVE;
				CLANG_WARN_UNREACHABLE_CODE = YES;
				CLANG_WARN__DUPLICATE_METHOD_MATCH = YES;
				CODE_SIGN_IDENTITY = "iPhone Developer";
				COPY_PHASE_STRIP = NO;
				DEBUG_INFORMATION_FORMAT = dwarf;
				ENABLE_STRICT_OBJC_MSGSEND = YES;
				ENABLE_TESTABILITY = YES;
				GCC_C_LANGUAGE_STANDARD = gnu11;
				GCC_DYNAMIC_NO_PIC = NO;
				GCC_NO_COMMON_BLOCKS = YES;
				GCC_OPTIMIZATION_LEVEL = 0;
				GCC_PREPROCESSOR_DEFINITIONS = (
					"DEBUG=1",
					"$(inherited)",
				);
				GCC_WARN_64_TO_32_BIT_CONVERSION = YES;
				GCC_WARN_ABOUT_RETURN_TYPE = YES_ERROR;
				GCC_WARN_UNDECLARED_SELECTOR = YES;
				GCC_WARN_UNINITIALIZED_AUTOS = YES_AGGRESSIVE;
				GCC_WARN_UNUSED_FUNCTION = YES;
				GCC_WARN_UNUSED_VARIABLE = YES;
				IPHONEOS_DEPLOYMENT_TARGET = 11.4;
				MTL_ENABLE_DEBUG_INFO = YES;
				ONLY_ACTIVE_ARCH = YES;
				SDKROOT = iphoneos;
				SWIFT_ACTIVE_COMPILATION_CONDITIONS = DEBUG;
				SWIFT_OPTIMIZATION_LEVEL = "-Onone";
			};
			name = Debug;
		};
		FDBEB27321BE02AE00FE3D93 /* Release */ = {
			isa = XCBuildConfiguration;
			buildSettings = {
				ALWAYS_SEARCH_USER_PATHS = NO;
				CLANG_ANALYZER_NONNULL = YES;
				CLANG_ANALYZER_NUMBER_OBJECT_CONVERSION = YES_AGGRESSIVE;
				CLANG_CXX_LANGUAGE_STANDARD = "gnu++14";
				CLANG_CXX_LIBRARY = "libc++";
				CLANG_ENABLE_MODULES = YES;
				CLANG_ENABLE_OBJC_ARC = YES;
				CLANG_ENABLE_OBJC_WEAK = YES;
				CLANG_WARN_BLOCK_CAPTURE_AUTORELEASING = YES;
				CLANG_WARN_BOOL_CONVERSION = YES;
				CLANG_WARN_COMMA = YES;
				CLANG_WARN_CONSTANT_CONVERSION = YES;
				CLANG_WARN_DEPRECATED_OBJC_IMPLEMENTATIONS = YES;
				CLANG_WARN_DIRECT_OBJC_ISA_USAGE = YES_ERROR;
				CLANG_WARN_DOCUMENTATION_COMMENTS = YES;
				CLANG_WARN_EMPTY_BODY = YES;
				CLANG_WARN_ENUM_CONVERSION = YES;
				CLANG_WARN_INFINITE_RECURSION = YES;
				CLANG_WARN_INT_CONVERSION = YES;
				CLANG_WARN_NON_LITERAL_NULL_CONVERSION = YES;
				CLANG_WARN_OBJC_IMPLICIT_RETAIN_SELF = YES;
				CLANG_WARN_OBJC_LITERAL_CONVERSION = YES;
				CLANG_WARN_OBJC_ROOT_CLASS = YES_ERROR;
				CLANG_WARN_RANGE_LOOP_ANALYSIS = YES;
				CLANG_WARN_STRICT_PROTOTYPES = YES;
				CLANG_WARN_SUSPICIOUS_MOVE = YES;
				CLANG_WARN_UNGUARDED_AVAILABILITY = YES_AGGRESSIVE;
				CLANG_WARN_UNREACHABLE_CODE = YES;
				CLANG_WARN__DUPLICATE_METHOD_MATCH = YES;
				CODE_SIGN_IDENTITY = "iPhone Developer";
				COPY_PHASE_STRIP = NO;
				DEBUG_INFORMATION_FORMAT = "dwarf-with-dsym";
				ENABLE_NS_ASSERTIONS = NO;
				ENABLE_STRICT_OBJC_MSGSEND = YES;
				GCC_C_LANGUAGE_STANDARD = gnu11;
				GCC_NO_COMMON_BLOCKS = YES;
				GCC_WARN_64_TO_32_BIT_CONVERSION = YES;
				GCC_WARN_ABOUT_RETURN_TYPE = YES_ERROR;
				GCC_WARN_UNDECLARED_SELECTOR = YES;
				GCC_WARN_UNINITIALIZED_AUTOS = YES_AGGRESSIVE;
				GCC_WARN_UNUSED_FUNCTION = YES;
				GCC_WARN_UNUSED_VARIABLE = YES;
				IPHONEOS_DEPLOYMENT_TARGET = 11.4;
				MTL_ENABLE_DEBUG_INFO = NO;
				SDKROOT = iphoneos;
				SWIFT_COMPILATION_MODE = wholemodule;
				SWIFT_OPTIMIZATION_LEVEL = "-O";
				VALIDATE_PRODUCT = YES;
			};
			name = Release;
		};
		FDBEB27521BE02AE00FE3D93 /* Debug */ = {
			isa = XCBuildConfiguration;
			buildSettings = {
				ASSETCATALOG_COMPILER_APPICON_NAME = AppIcon;
				CODE_SIGN_STYLE = Automatic;
				INFOPLIST_FILE = bikebike/Info.plist;
				LD_RUNPATH_SEARCH_PATHS = (
					"$(inherited)",
					"@executable_path/Frameworks",
				);
				PRODUCT_BUNDLE_IDENTIFIER = "-.bikebike";
				PRODUCT_NAME = "$(TARGET_NAME)";
				SWIFT_VERSION = 4.0;
				TARGETED_DEVICE_FAMILY = "1,2";
			};
			name = Debug;
		};
		FDBEB27621BE02AE00FE3D93 /* Release */ = {
			isa = XCBuildConfiguration;
			buildSettings = {
				ASSETCATALOG_COMPILER_APPICON_NAME = AppIcon;
				CODE_SIGN_STYLE = Automatic;
				INFOPLIST_FILE = bikebike/Info.plist;
				LD_RUNPATH_SEARCH_PATHS = (
					"$(inherited)",
					"@executable_path/Frameworks",
				);
				PRODUCT_BUNDLE_IDENTIFIER = "-.bikebike";
				PRODUCT_NAME = "$(TARGET_NAME)";
				SWIFT_VERSION = 4.0;
				TARGETED_DEVICE_FAMILY = "1,2";
			};
			name = Release;
		};
/* End XCBuildConfiguration section */

/* Begin XCConfigurationList section */
		FDBEB25D21BE02A900FE3D93 /* Build configuration list for PBXProject "bikebike" */ = {
			isa = XCConfigurationList;
			buildConfigurations = (
				FDBEB27221BE02AE00FE3D93 /* Debug */,
				FDBEB27321BE02AE00FE3D93 /* Release */,
			);
			defaultConfigurationIsVisible = 0;
			defaultConfigurationName = Release;
		};
		FDBEB27421BE02AE00FE3D93 /* Build configuration list for PBXNativeTarget "bikebike" */ = {
			isa = XCConfigurationList;
			buildConfigurations = (
				FDBEB27521BE02AE00FE3D93 /* Debug */,
				FDBEB27621BE02AE00FE3D93 /* Release */,
			);
			defaultConfigurationIsVisible = 0;
			defaultConfigurationName = Release;
		};
/* End XCConfigurationList section */
	};
	rootObject = FDBEB25A21BE02A900FE3D93 /* Project object */;
}
